PODS:
  - AFNetworking (3.1.0):
    - AFNetworking/NSURLSession (= 3.1.0)
    - AFNetworking/Reachability (= 3.1.0)
    - AFNetworking/Security (= 3.1.0)
    - AFNetworking/Serialization (= 3.1.0)
    - AFNetworking/UIKit (= 3.1.0)
  - AFNetworking/NSURLSession (3.1.0):
    - AFNetworking/Reachability
    - AFNetworking/Security
    - AFNetworking/Serialization
  - AFNetworking/Reachability (3.1.0)
  - AFNetworking/Security (3.1.0)
  - AFNetworking/Serialization (3.1.0)
  - AFNetworking/UIKit (3.1.0):
    - AFNetworking/NSURLSession
  - JSONModel (1.7.0)
  - MBProgressHUD (1.0.0)
  - MJRefresh (3.1.12)
  - ObjectMapper (2.2.0)
  - Reachability (3.2)
  - SnapKit (3.0.2)

DEPENDENCIES:
  - AFNetworking (~> 3.0)
  - JSONModel
  - MBProgressHUD (~> 1.0.0)
  - MJRefresh
  - ObjectMapper (~> 2.2)
  - Reachability
  - SnapKit (~> 3.0.2)

SPEC CHECKSUMS:
  AFNetworking: 5e0e199f73d8626b11e79750991f5d173d1f8b67
  JSONModel: 840bc0fcffb24b8454d2c026bf26fea454b8e98d
  MBProgressHUD: 4890f671c94e8a0f3cf959aa731e9de2f036d71a
  MJRefresh: b96cdb21c4aa75a7b07654311ab2f315c497e806
  ObjectMapper: 4060d739febae11ab0c6af8d786f98667c82e1bd
  Reachability: 33e18b67625424e47b6cde6d202dce689ad7af96
  SnapKit: 2e456761aa92d4d4067a7a5594c18769d451a8ad

PODFILE CHECKSUM: ef87e7f6ff07f0118af437d9f10abcd230a2731c

COCOAPODS: 1.1.1
